// !$*UTF8*$!
{
	archiveVersion = 1;
	classes = {
	};
	objectVersion = 50;
	objects = {

/* Begin PBXBuildFile section */
		0034DCC7250E76FA006C5929 /* AppDelegate.swift in Sources */ = {isa = PBXBuildFile; fileRef = 0034DCC6250E76FA006C5929 /* AppDelegate.swift */; };
		0034DCC9250E76FA006C5929 /* ViewController.swift in Sources */ = {isa = PBXBuildFile; fileRef = 0034DCC8250E76FA006C5929 /* ViewController.swift */; };
		0034DCCC250E76FA006C5929 /* Main.storyboard in Resources */ = {isa = PBXBuildFile; fileRef = 0034DCCA250E76FA006C5929 /* Main.storyboard */; };
		0034DCCE250E76FB006C5929 /* Assets.xcassets in Resources */ = {isa = PBXBuildFile; fileRef = 0034DCCD250E76FB006C5929 /* Assets.xcassets */; };
		0034DCD1250E76FB006C5929 /* LaunchScreen.storyboard in Resources */ = {isa = PBXBuildFile; fileRef = 0034DCCF250E76FB006C5929 /* LaunchScreen.storyboard */; };
		0071F0C3250E78CA0039ECE4 /* MyTableViewCell.xib in Resources */ = {isa = PBXBuildFile; fileRef = 0071F0C2250E78CA0039ECE4 /* MyTableViewCell.xib */; };
		0071F0C5250E799E0039ECE4 /* MyCollectionViewCell.xib in Resources */ = {isa = PBXBuildFile; fileRef = 0071F0C4250E799E0039ECE4 /* MyCollectionViewCell.xib */; };
/* End PBXBuildFile section */

/* Begin PBXFileReference section */
		0034DCC3250E76FA006C5929 /* TestDynamicCollectionView0914.app */ = {isa = PBXFileReference; explicitFileType = wrapper.application; includeInIndex = 0; path = TestDynamicCollectionView0914.app; sourceTree = BUILT_PRODUCTS_DIR; };
		0034DCC6250E76FA006C5929 /* AppDelegate.swift */ = {isa = PBXFileReference; lastKnownFileType = sourcecode.swift; path = AppDelegate.swift; sourceTree = "<group>"; };
		0034DCC8250E76FA006C5929 /* ViewController.swift */ = {isa = PBXFileReference; lastKnownFileType = sourcecode.swift; path = ViewController.swift; sourceTree = "<group>"; };
		0034DCCB250E76FA006C5929 /* Base */ = {isa = PBXFileReference; lastKnownFileType = file.storyboard; name = Base; path = Base.lproj/Main.storyboard; sourceTree = "<group>"; };
		0034DCCD250E76FB006C5929 /* Assets.xcassets */ = {isa = PBXFileReference; lastKnownFileType = folder.assetcatalog; path = Assets.xcassets; sourceTree = "<group>"; };
		0034DCD0250E76FB006C5929 /* Base */ = {isa = PBXFileReference; lastKnownFileType = file.storyboard; name = Base; path = Base.lproj/LaunchScreen.storyboard; sourceTree = "<group>"; };
		0034DCD2250E76FB006C5929 /* Info.plist */ = {isa = PBXFileReference; lastKnownFileType = text.plist.xml; path = Info.plist; sourceTree = "<group>"; };
		0071F0C2250E78CA0039ECE4 /* MyTableViewCell.xib */ = {isa = PBXFileReference; lastKnownFileType = file.xib; path = MyTableViewCell.xib; sourceTree = "<group>"; };
		0071F0C4250E799E0039ECE4 /* MyCollectionViewCell.xib */ = {isa = PBXFileReference; lastKnownFileType = file.xib; path = MyCollectionViewCell.xib; sourceTree = "<group>"; };
/* End PBXFileReference section */

/* Begin PBXFrameworksBuildPhase section */
		0034DCC0250E76FA006C5929 /* Frameworks */ = {
			isa = PBXFrameworksBuildPhase;
			buildActionMask = 2147483647;
			files = (
			);
			runOnlyForDeploymentPostprocessing = 0;
		};
/* End PBXFrameworksBuildPhase section */

/* Begin PBXGroup section */
		0034DCBA250E76FA006C5929 = {
			isa = PBXGroup;
			children = (
				0034DCC5250E76FA006C5929 /* TestDynamicCollectionView0914 */,
				0034DCC4250E76FA006C5929 /* Products */,
			);
			sourceTree = "<group>";
		};
		0034DCC4250E76FA006C5929 /* Products */ = {
			isa = PBXGroup;
			children = (
				0034DCC3250E76FA006C5929 /* TestDynamicCollectionView0914.app */,
			);
			name = Products;
			sourceTree = "<group>";
		};
		0034DCC5250E76FA006C5929 /* TestDynamicCollectionView0914 */ = {
			isa = PBXGroup;
			children = (
				0034DCC6250E76FA006C5929 /* AppDelegate.swift */,
				0034DCC8250E76FA006C5929 /* ViewController.swift */,
				0071F0C2250E78CA0039ECE4 /* MyTableViewCell.xib */,
				0071F0C4250E799E0039ECE4 /* MyCollectionViewCell.xib */,
				0034DCCA250E76FA006C5929 /* Main.storyboard */,
				0034DCCD250E76FB006C5929 /* Assets.xcassets */,
				0034DCCF250E76FB006C5929 /* LaunchScreen.storyboard */,
				0034DCD2250E76FB006C5929 /* Info.plist */,
			);
			path = TestDynamicCollectionView0914;
			sourceTree = "<group>";
		};
/* End PBXGroup section */

/* Begin PBXNativeTarget section */
		0034DCC2250E76FA006C5929 /* TestDynamicCollectionView0914 */ = {
			isa = PBXNativeTarget;
			buildConfigurationList = 0034DCD5250E76FB006C5929 /* Build configuration list for PBXNativeTarget "TestDynamicCollectionView0914" */;
			buildPhases = (
				0034DCBF250E76FA006C5929 /* Sources */,
				0034DCC0250E76FA006C5929 /* Frameworks */,
				0034DCC1250E76FA006C5929 /* Resources */,
			);
			buildRules = (
			);
			dependencies = (
			);
			name = TestDynamicCollectionView0914;
			productName = TestDynamicCollectionView0914;
			productReference = 0034DCC3250E76FA006C5929 /* TestDynamicCollectionView0914.app */;
			productType = "com.apple.product-type.application";
		};
/* End PBXNativeTarget section */

/* Begin PBXProject section */
		0034DCBB250E76FA006C5929 /* Project object */ = {
			isa = PBXProject;
			attributes = {
				LastSwiftUpdateCheck = 1030;
				LastUpgradeCheck = 1030;
				ORGANIZATIONNAME = "ZhouyuanWork, Inc";
				TargetAttributes = {
					0034DCC2250E76FA006C5929 = {
						CreatedOnToolsVersion = 10.3;
					};
				};
			};
			buildConfigurationList = 0034DCBE250E76FA006C5929 /* Build configuration list for PBXProject "TestDynamicCollectionView0914" */;
			compatibilityVersion = "Xcode 9.3";
			developmentRegion = en;
			hasScannedForEncodings = 0;
			knownRegions = (
				en,
				Base,
			);
			mainGroup = 0034DCBA250E76FA006C5929;
			productRefGroup = 0034DCC4250E76FA006C5929 /* Products */;
			projectDirPath = "";
			projectRoot = "";
			targets = (
				0034DCC2250E76FA006C5929 /* TestDynamicCollectionView0914 */,
			);
		};
/* End PBXProject section */

/* Begin PBXResourcesBuildPhase section */
		0034DCC1250E76FA006C5929 /* Resources */ = {
			isa = PBXResourcesBuildPhase;
			buildActionMask = 2147483647;
			files = (
				0071F0C5250E799E0039ECE4 /* MyCollectionViewCell.xib in Resources */,
				0034DCD1250E76FB006C5929 /* LaunchScreen.storyboard in Resources */,
				0071F0C3250E78CA0039ECE4 /* MyTableViewCell.xib in Resources */,
				0034DCCE250E76FB006C5929 /* Assets.xcassets in Resources */,
				0034DCCC250E76FA006C5929 /* Main.storyboard in Resources */,
			);
			runOnlyForDeploymentPostprocessing = 0;
		};
/* End PBXResourcesBuildPhase section */

/* Begin PBXSourcesBuildPhase section */
		0034DCBF250E76FA006C5929 /* Sources */ = {
			isa = PBXSourcesBuildPhase;
			buildActionMask = 2147483647;
			files = (
				0034DCC9250E76FA006C5929 /* ViewController.swift in Sources */,
				0034DCC7250E76FA006C5929 /* AppDelegate.swift in Sources */,
			);
			runOnlyForDeploymentPostprocessing = 0;
		};
/* End PBXSourcesBuildPhase section */

/* Begin PBXVariantGroup section */
		0034DCCA250E76FA006C5929 /* Main.storyboard */ = {
			isa = PBXVariantGroup;
			children = (
				0034DCCB250E76FA006C5929 /* Base */,
			);
			name = Main.storyboard;
			sourceTree = "<group>";
		};
		0034DCCF250E76FB006C5929 /* LaunchScreen.storyboard */ = {
			isa = PBXVariantGroup;
			children = (
				0034DCD0250E76FB006C5929 /* Base */,
			);
			name = LaunchScreen.storyboard;
			sourceTree = "<group>";
		};
/* End PBXVariantGroup section */

/* Begin XCBuildConfiguration section */
		0034DCD3250E76FB006C5929 /* Debug */ = {
			isa = XCBuildConfiguration;
			buildSettings = {
				ALWAYS_SEARCH_USER_PATHS = NO;
				CLANG_ANALYZER_NONNULL = YES;
				CLANG_ANALYZER_NUMBER_OBJECT_CONVERSION = YES_AGGRESSIVE;
				CLANG_CXX_LANGUAGE_STANDARD = "gnu++14";
				CLANG_CXX_LIBRARY = "libc++";
				CLANG_ENABLE_MODULES = YES;
				CLANG_ENABLE_OBJC_ARC = YES;
				CLANG_ENABLE_OBJC_WEAK = YES;
				CLANG_WARN_BLOCK_CAPTURE_AUTORELEASING = YES;
				CLANG_WARN_BOOL_CONVERSION = YES;
				CLANG_WARN_COMMA = YES;
				CLANG_WARN_CONSTANT_CONVERSION = YES;
				CLANG_WARN_DEPRECATED_OBJC_IMPLEMENTATIONS = YES;
				CLANG_WARN_DIRECT_OBJC_ISA_USAGE = YES_ERROR;
				CLANG_WARN_DOCUMENTATION_COMMENTS = YES;
				CLANG_WARN_EMPTY_BODY = YES;
				CLANG_WARN_ENUM_CONVERSION = YES;
				CLANG_WARN_INFINITE_RECURSION = YES;
				CLANG_WARN_INT_CONVERSION = YES;
				CLANG_WARN_NON_LITERAL_NULL_CONVERSION = YES;
				CLANG_WARN_OBJC_IMPLICIT_RETAIN_SELF = YES;
				CLANG_WARN_OBJC_LITERAL_CONVERSION = YES;
				CLANG_WARN_OBJC_ROOT_CLASS = YES_ERROR;
				CLANG_WARN_RANGE_LOOP_ANALYSIS = YES;
				CLANG_WARN_STRICT_PROTOTYPES = YES;
				CLANG_WARN_SUSPICIOUS_MOVE = YES;
				CLANG_WARN_UNGUARDED_AVAILABILITY = YES_AGGRESSIVE;
				CLANG_WARN_UNREACHABLE_CODE = YES;
				CLANG_WARN__DUPLICATE_METHOD_MATCH = YES;
				CODE_SIGN_IDENTITY = "iPhone Developer";
				COPY_PHASE_STRIP = NO;
				DEBUG_INFORMATION_FORMAT = dwarf;
				ENABLE_STRICT_OBJC_MSGSEND = YES;
				ENABLE_TESTABILITY = YES;
				GCC_C_LANGUAGE_STANDARD = gnu11;
				GCC_DYNAMIC_NO_PIC = NO;
				GCC_NO_COMMON_BLOCKS = YES;
				GCC_OPTIMIZATION_LEVEL = 0;
				GCC_PREPROCESSOR_DEFINITIONS = (
					"DEBUG=1",
					"$(inherited)",
				);
				GCC_WARN_64_TO_32_BIT_CONVERSION = YES;
				GCC_WARN_ABOUT_RETURN_TYPE = YES_ERROR;
				GCC_WARN_UNDECLARED_SELECTOR = YES;
				GCC_WARN_UNINITIALIZED_AUTOS = YES_AGGRESSIVE;
				GCC_WARN_UNUSED_FUNCTION = YES;
				GCC_WARN_UNUSED_VARIABLE = YES;
				IPHONEOS_DEPLOYMENT_TARGET = 12.4;
				MTL_ENABLE_DEBUG_INFO = INCLUDE_SOURCE;
				MTL_FAST_MATH = YES;
				ONLY_ACTIVE_ARCH = YES;
				SDKROOT = iphoneos;
				SWIFT_ACTIVE_COMPILATION_CONDITIONS = DEBUG;
				SWIFT_OPTIMIZATION_LEVEL = "-Onone";
			};
			name = Debug;
		};
		0034DCD4250E76FB006C5929 /* Release */ = {
			isa = XCBuildConfiguration;
			buildSettings = {
				ALWAYS_SEARCH_USER_PATHS = NO;
				CLANG_ANALYZER_NONNULL = YES;
				CLANG_ANALYZER_NUMBER_OBJECT_CONVERSION = YES_AGGRESSIVE;
				CLANG_CXX_LANGUAGE_STANDARD = "gnu++14";
				CLANG_CXX_LIBRARY = "libc++";
				CLANG_ENABLE_MODULES = YES;
				CLANG_ENABLE_OBJC_ARC = YES;
				CLANG_ENABLE_OBJC_WEAK = YES;
				CLANG_WARN_BLOCK_CAPTURE_AUTORELEASING = YES;
				CLANG_WARN_BOOL_CONVERSION = YES;
				CLANG_WARN_COMMA = YES;
				CLANG_WARN_CONSTANT_CONVERSION = YES;
				CLANG_WARN_DEPRECATED_OBJC_IMPLEMENTATIONS = YES;
				CLANG_WARN_DIRECT_OBJC_ISA_USAGE = YES_ERROR;
				CLANG_WARN_DOCUMENTATION_COMMENTS = YES;
				CLANG_WARN_EMPTY_BODY = YES;
				CLANG_WARN_ENUM_CONVERSION = YES;
				CLANG_WARN_INFINITE_RECURSION = YES;
				CLANG_WARN_INT_CONVERSION = YES;
				CLANG_WARN_NON_LITERAL_NULL_CONVERSION = YES;
				CLANG_WARN_OBJC_IMPLICIT_RETAIN_SELF = YES;
				CLANG_WARN_OBJC_LITERAL_CONVERSION = YES;
				CLANG_WARN_OBJC_ROOT_CLASS = YES_ERROR;
				CLANG_WARN_RANGE_LOOP_ANALYSIS = YES;
				CLANG_WARN_STRICT_PROTOTYPES = YES;
				CLANG_WARN_SUSPICIOUS_MOVE = YES;
				CLANG_WARN_UNGUARDED_AVAILABILITY = YES_AGGRESSIVE;
				CLANG_WARN_UNREACHABLE_CODE = YES;
				CLANG_WARN__DUPLICATE_METHOD_MATCH = YES;
				CODE_SIGN_IDENTITY = "iPhone Developer";
				COPY_PHASE_STRIP = NO;
				DEBUG_INFORMATION_FORMAT = "dwarf-with-dsym";
				ENABLE_NS_ASSERTIONS = NO;
				ENABLE_STRICT_OBJC_MSGSEND = YES;
				GCC_C_LANGUAGE_STANDARD = gnu11;
				GCC_NO_COMMON_BLOCKS = YES;
				GCC_WARN_64_TO_32_BIT_CONVERSION = YES;
				GCC_WARN_ABOUT_RETURN_TYPE = YES_ERROR;
				GCC_WARN_UNDECLARED_SELECTOR = YES;
				GCC_WARN_UNINITIALIZED_AUTOS = YES_AGGRESSIVE;
				GCC_WARN_UNUSED_FUNCTION = YES;
				GCC_WARN_UNUSED_VARIABLE = YES;
				IPHONEOS_DEPLOYMENT_TARGET = 12.4;
				MTL_ENABLE_DEBUG_INFO = NO;
				MTL_FAST_MATH = YES;
				SDKROOT = iphoneos;
				SWIFT_COMPILATION_MODE = wholemodule;
				SWIFT_OPTIMIZATION_LEVEL = "-O";
				VALIDATE_PRODUCT = YES;
			};
			name = Release;
		};
		0034DCD6250E76FB006C5929 /* Debug */ = {
			isa = XCBuildConfiguration;
			buildSettings = {
				ASSETCATALOG_COMPILER_APPICON_NAME = AppIcon;
				CODE_SIGN_STYLE = Automatic;
				DEVELOPMENT_TEAM = 58F85N59D3;
				INFOPLIST_FILE = TestDynamicCollectionView0914/Info.plist;
				IPHONEOS_DEPLOYMENT_TARGET = 12.0;
				LD_RUNPATH_SEARCH_PATHS = (
					"$(inherited)",
					"@executable_path/Frameworks",
				);
				PRODUCT_BUNDLE_IDENTIFIER = work.zhouyuan.TestDynamicCollectionView0914;
				PRODUCT_NAME = "$(TARGET_NAME)";
				SWIFT_VERSION = 5.0;
				TARGETED_DEVICE_FAMILY = "1,2";
			};
			name = Debug;
		};
		0034DCD7250E76FB006C5929 /* Release */ = {
			isa = XCBuildConfiguration;
			buildSettings = {
				ASSETCATALOG_COMPILER_APPICON_NAME = AppIcon;
				CODE_SIGN_STYLE = Automatic;
				DEVELOPMENT_TEAM = 58F85N59D3;
				INFOPLIST_FILE = TestDynamicCollectionView0914/Info.plist;
				IPHONEOS_DEPLOYMENT_TARGET = 12.0;
				LD_RUNPATH_SEARCH_PATHS = (
					"$(inherited)",
					"@executable_path/Frameworks",
				);
				PRODUCT_BUNDLE_IDENTIFIER = work.zhouyuan.TestDynamicCollectionView0914;
				PRODUCT_NAME = "$(TARGET_NAME)";
				SWIFT_VERSION = 5.0;
				TARGETED_DEVICE_FAMILY = "1,2";
			};
			name = Release;
		};
/* End XCBuildConfiguration section */

/* Begin XCConfigurationList section */
		0034DCBE250E76FA006C5929 /* Build configuration list for PBXProject "TestDynamicCollectionView0914" */ = {
			isa = XCConfigurationList;
			buildConfigurations = (
				0034DCD3250E76FB006C5929 /* Debug */,
				0034DCD4250E76FB006C5929 /* Release */,
			);
			defaultConfigurationIsVisible = 0;
			defaultConfigurationName = Release;
		};
		0034DCD5250E76FB006C5929 /* Build configuration list for PBXNativeTarget "TestDynamicCollectionView0914" */ = {
			isa = XCConfigurationList;
			buildConfigurations = (
				0034DCD6250E76FB006C5929 /* Debug */,
				0034DCD7250E76FB006C5929 /* Release */,
			);
			defaultConfigurationIsVisible = 0;
			defaultConfigurationName = Release;
		};
/* End XCConfigurationList section */
	};
	rootObject = 0034DCBB250E76FA006C5929 /* Project object */;
}
